
Microsoft Visual Studio Solution File, Format Version 12.00
# Visual Studio Version 17
VisualStudioVersion = 17.14.36915.13
MinimumVisualStudioVersion = 10.0.40219.1
Project("{FAE04EC0-301F-11D3-BF4B-00C04F79EFBC}") = "EventFinder.API", "EventFinder.API\EventFinder.API.csproj", "{2865D225-46C7-4B16-95CA-54E60BEE28F6}"
EndProject
Project("{FAE04EC0-301F-11D3-BF4B-00C04F79EFBC}") = "EventFinder.Infrastructure", "EventFinder.Infrastructure\EventFinder.Infrastructure.csproj", "{53F0B60F-6AB8-47E8-A6EC-1214F6477DF4}"
EndProject
Project("{FAE04EC0-301F-11D3-BF4B-00C04F79EFBC}") = "EventFinder.Domain", "EventFinder.Domain\EventFinder.Domain.csproj", "{C3F874B9-E898-4BF4-97B3-23CEDDD18E25}"
EndProject
Project("{FAE04EC0-301F-11D3-BF4B-00C04F79EFBC}") = "EventFinder.Application", "EventFinder.Application\EventFinder.Application.csproj", "{276D4A6B-79B2-45B9-8EE2-4B271B7F5505}"
EndProject
Project("{2150E333-8FDC-42A3-9474-1A3956D46DE8}") = "Элементы решения", "Элементы решения", "{754FC069-D67B-A9D7-50A1-8D1CA196D8F1}"
	ProjectSection(SolutionItems) = preProject
		docker-compose.yml = docker-compose.yml
	EndProjectSection
EndProject
Global
	GlobalSection(SolutionConfigurationPlatforms) = preSolution
		Debug|Any CPU = Debug|Any CPU
		Release|Any CPU = Release|Any CPU
	EndGlobalSection
	GlobalSection(ProjectConfigurationPlatforms) = postSolution
		{2865D225-46C7-4B16-95CA-54E60BEE28F6}.Debug|Any CPU.ActiveCfg = Debug|Any CPU
		{2865D225-46C7-4B16-95CA-54E60BEE28F6}.Debug|Any CPU.Build.0 = Debug|Any CPU
		{2865D225-46C7-4B16-95CA-54E60BEE28F6}.Release|Any CPU.ActiveCfg = Release|Any CPU
		{2865D225-46C7-4B16-95CA-54E60BEE28F6}.Release|Any CPU.Build.0 = Release|Any CPU
		{53F0B60F-6AB8-47E8-A6EC-1214F6477DF4}.Debug|Any CPU.ActiveCfg = Debug|Any CPU
		{53F0B60F-6AB8-47E8-A6EC-1214F6477DF4}.Debug|Any CPU.Build.0 = Debug|Any CPU
		{53F0B60F-6AB8-47E8-A6EC-1214F6477DF4}.Release|Any CPU.ActiveCfg = Release|Any CPU
		{53F0B60F-6AB8-47E8-A6EC-1214F6477DF4}.Release|Any CPU.Build.0 = Release|Any CPU
		{C3F874B9-E898-4BF4-97B3-23CEDDD18E25}.Debug|Any CPU.ActiveCfg = Debug|Any CPU
		{C3F874B9-E898-4BF4-97B3-23CEDDD18E25}.Debug|Any CPU.Build.0 = Debug|Any CPU
		{C3F874B9-E898-4BF4-97B3-23CEDDD18E25}.Release|Any CPU.ActiveCfg = Release|Any CPU
		{C3F874B9-E898-4BF4-97B3-23CEDDD18E25}.Release|Any CPU.Build.0 = Release|Any CPU
		{276D4A6B-79B2-45B9-8EE2-4B271B7F5505}.Debug|Any CPU.ActiveCfg = Debug|Any CPU
		{276D4A6B-79B2-45B9-8EE2-4B271B7F5505}.Debug|Any CPU.Build.0 = Debug|Any CPU
		{276D4A6B-79B2-45B9-8EE2-4B271B7F5505}.Release|Any CPU.ActiveCfg = Release|Any CPU
		{276D4A6B-79B2-45B9-8EE2-4B271B7F5505}.Release|Any CPU.Build.0 = Release|Any CPU
	EndGlobalSection
	GlobalSection(SolutionProperties) = preSolution
		HideSolutionNode = FALSE
	EndGlobalSection
	GlobalSection(ExtensibilityGlobals) = postSolution
		SolutionGuid = {FBB4F462-B049-4D44-85D3-1FF7282C6819}
	EndGlobalSection
EndGlobal
